
Microsoft Visual Studio Solution File, Format Version 12.00
# Visual Studio Version 16
VisualStudioVersion = 16.0.29609.76
MinimumVisualStudioVersion = 10.0.40219.1
Project("{FAE04EC0-301F-11D3-BF4B-00C04F79EFBC}") = "VogCodeChallenge.API", "VogCodeChallenge.API\VogCodeChallenge.API.csproj", "{52B94F22-EF6E-4304-BEEA-FC25241C7A6E}"
EndProject
Global
	GlobalSection(SolutionConfigurationPlatforms) = preSolution
		Debug|Any CPU = Debug|Any CPU
		Release|Any CPU = Release|Any CPU
	EndGlobalSection
	GlobalSection(ProjectConfigurationPlatforms) = postSolution
		{52B94F22-EF6E-4304-BEEA-FC25241C7A6E}.Debug|Any CPU.ActiveCfg = Debug|Any CPU
		{52B94F22-EF6E-4304-BEEA-FC25241C7A6E}.Debug|Any CPU.Build.0 = Debug|Any CPU
		{52B94F22-EF6E-4304-BEEA-FC25241C7A6E}.Release|Any CPU.ActiveCfg = Release|Any CPU
		{52B94F22-EF6E-4304-BEEA-FC25241C7A6E}.Release|Any CPU.Build.0 = Release|Any CPU
	EndGlobalSection
	GlobalSection(SolutionProperties) = preSolution
		HideSolutionNode = FALSE
	EndGlobalSection
	GlobalSection(ExtensibilityGlobals) = postSolution
		SolutionGuid = {C67CA30F-DF14-4F40-99B6-FAF1F530DBC7}
	EndGlobalSection
EndGlobal
